// !$*UTF8*$!
{
	archiveVersion = 1;
	classes = {
	};
	objectVersion = 56;
	objects = {

/* Begin PBXBuildFile section */
		20B0C5612C4796D200A47315 /* Customer+CoreDataClass.swift in Sources */ = {isa = PBXBuildFile; fileRef = 20B0C5592C4796D200A47315 /* Customer+CoreDataClass.swift */; };
		20B0C5622C4796D200A47315 /* Customer+CoreDataProperties.swift in Sources */ = {isa = PBXBuildFile; fileRef = 20B0C55A2C4796D200A47315 /* Customer+CoreDataProperties.swift */; };
		20B0C5632C4796D200A47315 /* Dessert+CoreDataClass.swift in Sources */ = {isa = PBXBuildFile; fileRef = 20B0C55B2C4796D200A47315 /* Dessert+CoreDataClass.swift */; };
		20B0C5642C4796D200A47315 /* Dessert+CoreDataProperties.swift in Sources */ = {isa = PBXBuildFile; fileRef = 20B0C55C2C4796D200A47315 /* Dessert+CoreDataProperties.swift */; };
		20B0C5652C4796D200A47315 /* Dish+CoreDataClass.swift in Sources */ = {isa = PBXBuildFile; fileRef = 20B0C55D2C4796D200A47315 /* Dish+CoreDataClass.swift */; };
		20B0C5662C4796D200A47315 /* Dish+CoreDataProperties.swift in Sources */ = {isa = PBXBuildFile; fileRef = 20B0C55E2C4796D200A47315 /* Dish+CoreDataProperties.swift */; };
		20B0C5672C4796D200A47315 /* Location+CoreDataClass.swift in Sources */ = {isa = PBXBuildFile; fileRef = 20B0C55F2C4796D200A47315 /* Location+CoreDataClass.swift */; };
		20B0C5682C4796D200A47315 /* Location+CoreDataProperties.swift in Sources */ = {isa = PBXBuildFile; fileRef = 20B0C5602C4796D200A47315 /* Location+CoreDataProperties.swift */; };
		20B3E7132C478B1900E4C751 /* EntitiesContextRelationshipsApp.swift in Sources */ = {isa = PBXBuildFile; fileRef = 20B3E7122C478B1900E4C751 /* EntitiesContextRelationshipsApp.swift */; };
		20B3E7152C478B1900E4C751 /* ContentView.swift in Sources */ = {isa = PBXBuildFile; fileRef = 20B3E7142C478B1900E4C751 /* ContentView.swift */; };
		20B3E7172C478B1A00E4C751 /* Assets.xcassets in Resources */ = {isa = PBXBuildFile; fileRef = 20B3E7162C478B1A00E4C751 /* Assets.xcassets */; };
		20B3E71A2C478B1A00E4C751 /* Preview Assets.xcassets in Resources */ = {isa = PBXBuildFile; fileRef = 20B3E7192C478B1A00E4C751 /* Preview Assets.xcassets */; };
		20B3E71C2C478B1A00E4C751 /* Persistence.swift in Sources */ = {isa = PBXBuildFile; fileRef = 20B3E71B2C478B1A00E4C751 /* Persistence.swift */; };
		20B3E71F2C478B1A00E4C751 /* EntitiesContextRelationships.xcdatamodeld in Sources */ = {isa = PBXBuildFile; fileRef = 20B3E71D2C478B1A00E4C751 /* EntitiesContextRelationships.xcdatamodeld */; };
/* End PBXBuildFile section */

/* Begin PBXFileReference section */
		20B0C5592C4796D200A47315 /* Customer+CoreDataClass.swift */ = {isa = PBXFileReference; lastKnownFileType = sourcecode.swift; path = "Customer+CoreDataClass.swift"; sourceTree = "<group>"; };
		20B0C55A2C4796D200A47315 /* Customer+CoreDataProperties.swift */ = {isa = PBXFileReference; lastKnownFileType = sourcecode.swift; path = "Customer+CoreDataProperties.swift"; sourceTree = "<group>"; };
		20B0C55B2C4796D200A47315 /* Dessert+CoreDataClass.swift */ = {isa = PBXFileReference; lastKnownFileType = sourcecode.swift; path = "Dessert+CoreDataClass.swift"; sourceTree = "<group>"; };
		20B0C55C2C4796D200A47315 /* Dessert+CoreDataProperties.swift */ = {isa = PBXFileReference; lastKnownFileType = sourcecode.swift; path = "Dessert+CoreDataProperties.swift"; sourceTree = "<group>"; };
		20B0C55D2C4796D200A47315 /* Dish+CoreDataClass.swift */ = {isa = PBXFileReference; lastKnownFileType = sourcecode.swift; path = "Dish+CoreDataClass.swift"; sourceTree = "<group>"; };
		20B0C55E2C4796D200A47315 /* Dish+CoreDataProperties.swift */ = {isa = PBXFileReference; lastKnownFileType = sourcecode.swift; path = "Dish+CoreDataProperties.swift"; sourceTree = "<group>"; };
		20B0C55F2C4796D200A47315 /* Location+CoreDataClass.swift */ = {isa = PBXFileReference; lastKnownFileType = sourcecode.swift; path = "Location+CoreDataClass.swift"; sourceTree = "<group>"; };
		20B0C5602C4796D200A47315 /* Location+CoreDataProperties.swift */ = {isa = PBXFileReference; lastKnownFileType = sourcecode.swift; path = "Location+CoreDataProperties.swift"; sourceTree = "<group>"; };
		20B3E70F2C478B1900E4C751 /* EntitiesContextRelationships.app */ = {isa = PBXFileReference; explicitFileType = wrapper.application; includeInIndex = 0; path = EntitiesContextRelationships.app; sourceTree = BUILT_PRODUCTS_DIR; };
		20B3E7122C478B1900E4C751 /* EntitiesContextRelationshipsApp.swift */ = {isa = PBXFileReference; lastKnownFileType = sourcecode.swift; path = EntitiesContextRelationshipsApp.swift; sourceTree = "<group>"; };
		20B3E7142C478B1900E4C751 /* ContentView.swift */ = {isa = PBXFileReference; lastKnownFileType = sourcecode.swift; path = ContentView.swift; sourceTree = "<group>"; };
		20B3E7162C478B1A00E4C751 /* Assets.xcassets */ = {isa = PBXFileReference; lastKnownFileType = folder.assetcatalog; path = Assets.xcassets; sourceTree = "<group>"; };
		20B3E7192C478B1A00E4C751 /* Preview Assets.xcassets */ = {isa = PBXFileReference; lastKnownFileType = folder.assetcatalog; path = "Preview Assets.xcassets"; sourceTree = "<group>"; };
		20B3E71B2C478B1A00E4C751 /* Persistence.swift */ = {isa = PBXFileReference; lastKnownFileType = sourcecode.swift; path = Persistence.swift; sourceTree = "<group>"; };
		20B3E71E2C478B1A00E4C751 /* EntitiesContextRelationships.xcdatamodel */ = {isa = PBXFileReference; lastKnownFileType = wrapper.xcdatamodel; path = EntitiesContextRelationships.xcdatamodel; sourceTree = "<group>"; };
/* End PBXFileReference section */

/* Begin PBXFrameworksBuildPhase section */
		20B3E70C2C478B1900E4C751 /* Frameworks */ = {
			isa = PBXFrameworksBuildPhase;
			buildActionMask = 2147483647;
			files = (
			);
			runOnlyForDeploymentPostprocessing = 0;
		};
/* End PBXFrameworksBuildPhase section */

/* Begin PBXGroup section */
		20B3E7062C478B1900E4C751 = {
			isa = PBXGroup;
			children = (
				20B0C5592C4796D200A47315 /* Customer+CoreDataClass.swift */,
				20B0C55A2C4796D200A47315 /* Customer+CoreDataProperties.swift */,
				20B0C55B2C4796D200A47315 /* Dessert+CoreDataClass.swift */,
				20B0C55C2C4796D200A47315 /* Dessert+CoreDataProperties.swift */,
				20B0C55D2C4796D200A47315 /* Dish+CoreDataClass.swift */,
				20B0C55E2C4796D200A47315 /* Dish+CoreDataProperties.swift */,
				20B0C55F2C4796D200A47315 /* Location+CoreDataClass.swift */,
				20B0C5602C4796D200A47315 /* Location+CoreDataProperties.swift */,
				20B3E7112C478B1900E4C751 /* EntitiesContextRelationships */,
				20B3E7102C478B1900E4C751 /* Products */,
			);
			sourceTree = "<group>";
		};
		20B3E7102C478B1900E4C751 /* Products */ = {
			isa = PBXGroup;
			children = (
				20B3E70F2C478B1900E4C751 /* EntitiesContextRelationships.app */,
			);
			name = Products;
			sourceTree = "<group>";
		};
		20B3E7112C478B1900E4C751 /* EntitiesContextRelationships */ = {
			isa = PBXGroup;
			children = (
				20B3E7122C478B1900E4C751 /* EntitiesContextRelationshipsApp.swift */,
				20B3E7142C478B1900E4C751 /* ContentView.swift */,
				20B3E7162C478B1A00E4C751 /* Assets.xcassets */,
				20B3E71B2C478B1A00E4C751 /* Persistence.swift */,
				20B3E71D2C478B1A00E4C751 /* EntitiesContextRelationships.xcdatamodeld */,
				20B3E7182C478B1A00E4C751 /* Preview Content */,
			);
			path = EntitiesContextRelationships;
			sourceTree = "<group>";
		};
		20B3E7182C478B1A00E4C751 /* Preview Content */ = {
			isa = PBXGroup;
			children = (
				20B3E7192C478B1A00E4C751 /* Preview Assets.xcassets */,
			);
			path = "Preview Content";
			sourceTree = "<group>";
		};
/* End PBXGroup section */

/* Begin PBXNativeTarget section */
		20B3E70E2C478B1900E4C751 /* EntitiesContextRelationships */ = {
			isa = PBXNativeTarget;
			buildConfigurationList = 20B3E7222C478B1A00E4C751 /* Build configuration list for PBXNativeTarget "EntitiesContextRelationships" */;
			buildPhases = (
				20B3E70B2C478B1900E4C751 /* Sources */,
				20B3E70C2C478B1900E4C751 /* Frameworks */,
				20B3E70D2C478B1900E4C751 /* Resources */,
			);
			buildRules = (
			);
			dependencies = (
			);
			name = EntitiesContextRelationships;
			productName = EntitiesContextRelationships;
			productReference = 20B3E70F2C478B1900E4C751 /* EntitiesContextRelationships.app */;
			productType = "com.apple.product-type.application";
		};
/* End PBXNativeTarget section */

/* Begin PBXProject section */
		20B3E7072C478B1900E4C751 /* Project object */ = {
			isa = PBXProject;
			attributes = {
				BuildIndependentTargetsInParallel = 1;
				LastSwiftUpdateCheck = 1540;
				LastUpgradeCheck = 1540;
				TargetAttributes = {
					20B3E70E2C478B1900E4C751 = {
						CreatedOnToolsVersion = 15.4;
					};
				};
			};
			buildConfigurationList = 20B3E70A2C478B1900E4C751 /* Build configuration list for PBXProject "EntitiesContextRelationships" */;
			compatibilityVersion = "Xcode 14.0";
			developmentRegion = en;
			hasScannedForEncodings = 0;
			knownRegions = (
				en,
				Base,
			);
			mainGroup = 20B3E7062C478B1900E4C751;
			productRefGroup = 20B3E7102C478B1900E4C751 /* Products */;
			projectDirPath = "";
			projectRoot = "";
			targets = (
				20B3E70E2C478B1900E4C751 /* EntitiesContextRelationships */,
			);
		};
/* End PBXProject section */

/* Begin PBXResourcesBuildPhase section */
		20B3E70D2C478B1900E4C751 /* Resources */ = {
			isa = PBXResourcesBuildPhase;
			buildActionMask = 2147483647;
			files = (
				20B3E71A2C478B1A00E4C751 /* Preview Assets.xcassets in Resources */,
				20B3E7172C478B1A00E4C751 /* Assets.xcassets in Resources */,
			);
			runOnlyForDeploymentPostprocessing = 0;
		};
/* End PBXResourcesBuildPhase section */

/* Begin PBXSourcesBuildPhase section */
		20B3E70B2C478B1900E4C751 /* Sources */ = {
			isa = PBXSourcesBuildPhase;
			buildActionMask = 2147483647;
			files = (
				20B3E71F2C478B1A00E4C751 /* EntitiesContextRelationships.xcdatamodeld in Sources */,
				20B3E71C2C478B1A00E4C751 /* Persistence.swift in Sources */,
				20B0C5612C4796D200A47315 /* Customer+CoreDataClass.swift in Sources */,
				20B0C5622C4796D200A47315 /* Customer+CoreDataProperties.swift in Sources */,
				20B0C5632C4796D200A47315 /* Dessert+CoreDataClass.swift in Sources */,
				20B0C5642C4796D200A47315 /* Dessert+CoreDataProperties.swift in Sources */,
				20B0C5652C4796D200A47315 /* Dish+CoreDataClass.swift in Sources */,
				20B0C5662C4796D200A47315 /* Dish+CoreDataProperties.swift in Sources */,
				20B0C5672C4796D200A47315 /* Location+CoreDataClass.swift in Sources */,
				20B0C5682C4796D200A47315 /* Location+CoreDataProperties.swift in Sources */,
				20B3E7152C478B1900E4C751 /* ContentView.swift in Sources */,
				20B3E7132C478B1900E4C751 /* EntitiesContextRelationshipsApp.swift in Sources */,
			);
			runOnlyForDeploymentPostprocessing = 0;
		};
/* End PBXSourcesBuildPhase section */

/* Begin XCBuildConfiguration section */
		20B3E7202C478B1A00E4C751 /* Debug */ = {
			isa = XCBuildConfiguration;
			buildSettings = {
				ALWAYS_SEARCH_USER_PATHS = NO;
				ASSETCATALOG_COMPILER_GENERATE_SWIFT_ASSET_SYMBOL_EXTENSIONS = YES;
				CLANG_ANALYZER_NONNULL = YES;
				CLANG_ANALYZER_NUMBER_OBJECT_CONVERSION = YES_AGGRESSIVE;
				CLANG_CXX_LANGUAGE_STANDARD = "gnu++20";
				CLANG_ENABLE_MODULES = YES;
				CLANG_ENABLE_OBJC_ARC = YES;
				CLANG_ENABLE_OBJC_WEAK = YES;
				CLANG_WARN_BLOCK_CAPTURE_AUTORELEASING = YES;
				CLANG_WARN_BOOL_CONVERSION = YES;
				CLANG_WARN_COMMA = YES;
				CLANG_WARN_CONSTANT_CONVERSION = YES;
				CLANG_WARN_DEPRECATED_OBJC_IMPLEMENTATIONS = YES;
				CLANG_WARN_DIRECT_OBJC_ISA_USAGE = YES_ERROR;
				CLANG_WARN_DOCUMENTATION_COMMENTS = YES;
				CLANG_WARN_EMPTY_BODY = YES;
				CLANG_WARN_ENUM_CONVERSION = YES;
				CLANG_WARN_INFINITE_RECURSION = YES;
				CLANG_WARN_INT_CONVERSION = YES;
				CLANG_WARN_NON_LITERAL_NULL_CONVERSION = YES;
				CLANG_WARN_OBJC_IMPLICIT_RETAIN_SELF = YES;
				CLANG_WARN_OBJC_LITERAL_CONVERSION = YES;
				CLANG_WARN_OBJC_ROOT_CLASS = YES_ERROR;
				CLANG_WARN_QUOTED_INCLUDE_IN_FRAMEWORK_HEADER = YES;
				CLANG_WARN_RANGE_LOOP_ANALYSIS = YES;
				CLANG_WARN_STRICT_PROTOTYPES = YES;
				CLANG_WARN_SUSPICIOUS_MOVE = YES;
				CLANG_WARN_UNGUARDED_AVAILABILITY = YES_AGGRESSIVE;
				CLANG_WARN_UNREACHABLE_CODE = YES;
				CLANG_WARN__DUPLICATE_METHOD_MATCH = YES;
				COPY_PHASE_STRIP = NO;
				DEBUG_INFORMATION_FORMAT = dwarf;
				ENABLE_STRICT_OBJC_MSGSEND = YES;
				ENABLE_TESTABILITY = YES;
				ENABLE_USER_SCRIPT_SANDBOXING = YES;
				GCC_C_LANGUAGE_STANDARD = gnu17;
				GCC_DYNAMIC_NO_PIC = NO;
				GCC_NO_COMMON_BLOCKS = YES;
				GCC_OPTIMIZATION_LEVEL = 0;
				GCC_PREPROCESSOR_DEFINITIONS = (
					"DEBUG=1",
					"$(inherited)",
				);
				GCC_WARN_64_TO_32_BIT_CONVERSION = YES;
				GCC_WARN_ABOUT_RETURN_TYPE = YES_ERROR;
				GCC_WARN_UNDECLARED_SELECTOR = YES;
				GCC_WARN_UNINITIALIZED_AUTOS = YES_AGGRESSIVE;
				GCC_WARN_UNUSED_FUNCTION = YES;
				GCC_WARN_UNUSED_VARIABLE = YES;
				IPHONEOS_DEPLOYMENT_TARGET = 17.5;
				LOCALIZATION_PREFERS_STRING_CATALOGS = YES;
				MTL_ENABLE_DEBUG_INFO = INCLUDE_SOURCE;
				MTL_FAST_MATH = YES;
				ONLY_ACTIVE_ARCH = YES;
				SDKROOT = iphoneos;
				SWIFT_ACTIVE_COMPILATION_CONDITIONS = "DEBUG $(inherited)";
				SWIFT_OPTIMIZATION_LEVEL = "-Onone";
			};
			name = Debug;
		};
		20B3E7212C478B1A00E4C751 /* Release */ = {
			isa = XCBuildConfiguration;
			buildSettings = {
				ALWAYS_SEARCH_USER_PATHS = NO;
				ASSETCATALOG_COMPILER_GENERATE_SWIFT_ASSET_SYMBOL_EXTENSIONS = YES;
				CLANG_ANALYZER_NONNULL = YES;
				CLANG_ANALYZER_NUMBER_OBJECT_CONVERSION = YES_AGGRESSIVE;
				CLANG_CXX_LANGUAGE_STANDARD = "gnu++20";
				CLANG_ENABLE_MODULES = YES;
				CLANG_ENABLE_OBJC_ARC = YES;
				CLANG_ENABLE_OBJC_WEAK = YES;
				CLANG_WARN_BLOCK_CAPTURE_AUTORELEASING = YES;
				CLANG_WARN_BOOL_CONVERSION = YES;
				CLANG_WARN_COMMA = YES;
				CLANG_WARN_CONSTANT_CONVERSION = YES;
				CLANG_WARN_DEPRECATED_OBJC_IMPLEMENTATIONS = YES;
				CLANG_WARN_DIRECT_OBJC_ISA_USAGE = YES_ERROR;
				CLANG_WARN_DOCUMENTATION_COMMENTS = YES;
				CLANG_WARN_EMPTY_BODY = YES;
				CLANG_WARN_ENUM_CONVERSION = YES;
				CLANG_WARN_INFINITE_RECURSION = YES;
				CLANG_WARN_INT_CONVERSION = YES;
				CLANG_WARN_NON_LITERAL_NULL_CONVERSION = YES;
				CLANG_WARN_OBJC_IMPLICIT_RETAIN_SELF = YES;
				CLANG_WARN_OBJC_LITERAL_CONVERSION = YES;
				CLANG_WARN_OBJC_ROOT_CLASS = YES_ERROR;
				CLANG_WARN_QUOTED_INCLUDE_IN_FRAMEWORK_HEADER = YES;
				CLANG_WARN_RANGE_LOOP_ANALYSIS = YES;
				CLANG_WARN_STRICT_PROTOTYPES = YES;
				CLANG_WARN_SUSPICIOUS_MOVE = YES;
				CLANG_WARN_UNGUARDED_AVAILABILITY = YES_AGGRESSIVE;
				CLANG_WARN_UNREACHABLE_CODE = YES;
				CLANG_WARN__DUPLICATE_METHOD_MATCH = YES;
				COPY_PHASE_STRIP = NO;
				DEBUG_INFORMATION_FORMAT = "dwarf-with-dsym";
				ENABLE_NS_ASSERTIONS = NO;
				ENABLE_STRICT_OBJC_MSGSEND = YES;
				ENABLE_USER_SCRIPT_SANDBOXING = YES;
				GCC_C_LANGUAGE_STANDARD = gnu17;
				GCC_NO_COMMON_BLOCKS = YES;
				GCC_WARN_64_TO_32_BIT_CONVERSION = YES;
				GCC_WARN_ABOUT_RETURN_TYPE = YES_ERROR;
				GCC_WARN_UNDECLARED_SELECTOR = YES;
				GCC_WARN_UNINITIALIZED_AUTOS = YES_AGGRESSIVE;
				GCC_WARN_UNUSED_FUNCTION = YES;
				GCC_WARN_UNUSED_VARIABLE = YES;
				IPHONEOS_DEPLOYMENT_TARGET = 17.5;
				LOCALIZATION_PREFERS_STRING_CATALOGS = YES;
				MTL_ENABLE_DEBUG_INFO = NO;
				MTL_FAST_MATH = YES;
				SDKROOT = iphoneos;
				SWIFT_COMPILATION_MODE = wholemodule;
				VALIDATE_PRODUCT = YES;
			};
			name = Release;
		};
		20B3E7232C478B1A00E4C751 /* Debug */ = {
			isa = XCBuildConfiguration;
			buildSettings = {
				ASSETCATALOG_COMPILER_APPICON_NAME = AppIcon;
				ASSETCATALOG_COMPILER_GLOBAL_ACCENT_COLOR_NAME = AccentColor;
				CODE_SIGN_STYLE = Automatic;
				CURRENT_PROJECT_VERSION = 1;
				DEVELOPMENT_ASSET_PATHS = "\"EntitiesContextRelationships/Preview Content\"";
				DEVELOPMENT_TEAM = 5UV6NG6NND;
				ENABLE_PREVIEWS = YES;
				GENERATE_INFOPLIST_FILE = YES;
				INFOPLIST_KEY_UIApplicationSceneManifest_Generation = YES;
				INFOPLIST_KEY_UIApplicationSupportsIndirectInputEvents = YES;
				INFOPLIST_KEY_UILaunchScreen_Generation = YES;
				INFOPLIST_KEY_UISupportedInterfaceOrientations_iPad = "UIInterfaceOrientationPortrait UIInterfaceOrientationPortraitUpsideDown UIInterfaceOrientationLandscapeLeft UIInterfaceOrientationLandscapeRight";
				INFOPLIST_KEY_UISupportedInterfaceOrientations_iPhone = "UIInterfaceOrientationPortrait UIInterfaceOrientationLandscapeLeft UIInterfaceOrientationLandscapeRight";
				LD_RUNPATH_SEARCH_PATHS = (
					"$(inherited)",
					"@executable_path/Frameworks",
				);
				MARKETING_VERSION = 1.0;
				PRODUCT_BUNDLE_IDENTIFIER = itzKv.EntitiesContextRelationships;
				PRODUCT_NAME = "$(TARGET_NAME)";
				SWIFT_EMIT_LOC_STRINGS = YES;
				SWIFT_VERSION = 5.0;
				TARGETED_DEVICE_FAMILY = "1,2";
			};
			name = Debug;
		};
		20B3E7242C478B1A00E4C751 /* Release */ = {
			isa = XCBuildConfiguration;
			buildSettings = {
				ASSETCATALOG_COMPILER_APPICON_NAME = AppIcon;
				ASSETCATALOG_COMPILER_GLOBAL_ACCENT_COLOR_NAME = AccentColor;
				CODE_SIGN_STYLE = Automatic;
				CURRENT_PROJECT_VERSION = 1;
				DEVELOPMENT_ASSET_PATHS = "\"EntitiesContextRelationships/Preview Content\"";
				DEVELOPMENT_TEAM = 5UV6NG6NND;
				ENABLE_PREVIEWS = YES;
				GENERATE_INFOPLIST_FILE = YES;
				INFOPLIST_KEY_UIApplicationSceneManifest_Generation = YES;
				INFOPLIST_KEY_UIApplicationSupportsIndirectInputEvents = YES;
				INFOPLIST_KEY_UILaunchScreen_Generation = YES;
				INFOPLIST_KEY_UISupportedInterfaceOrientations_iPad = "UIInterfaceOrientationPortrait UIInterfaceOrientationPortraitUpsideDown UIInterfaceOrientationLandscapeLeft UIInterfaceOrientationLandscapeRight";
				INFOPLIST_KEY_UISupportedInterfaceOrientations_iPhone = "UIInterfaceOrientationPortrait UIInterfaceOrientationLandscapeLeft UIInterfaceOrientationLandscapeRight";
				LD_RUNPATH_SEARCH_PATHS = (
					"$(inherited)",
					"@executable_path/Frameworks",
				);
				MARKETING_VERSION = 1.0;
				PRODUCT_BUNDLE_IDENTIFIER = itzKv.EntitiesContextRelationships;
				PRODUCT_NAME = "$(TARGET_NAME)";
				SWIFT_EMIT_LOC_STRINGS = YES;
				SWIFT_VERSION = 5.0;
				TARGETED_DEVICE_FAMILY = "1,2";
			};
			name = Release;
		};
/* End XCBuildConfiguration section */

/* Begin XCConfigurationList section */
		20B3E70A2C478B1900E4C751 /* Build configuration list for PBXProject "EntitiesContextRelationships" */ = {
			isa = XCConfigurationList;
			buildConfigurations = (
				20B3E7202C478B1A00E4C751 /* Debug */,
				20B3E7212C478B1A00E4C751 /* Release */,
			);
			defaultConfigurationIsVisible = 0;
			defaultConfigurationName = Release;
		};
		20B3E7222C478B1A00E4C751 /* Build configuration list for PBXNativeTarget "EntitiesContextRelationships" */ = {
			isa = XCConfigurationList;
			buildConfigurations = (
				20B3E7232C478B1A00E4C751 /* Debug */,
				20B3E7242C478B1A00E4C751 /* Release */,
			);
			defaultConfigurationIsVisible = 0;
			defaultConfigurationName = Release;
		};
/* End XCConfigurationList section */

/* Begin XCVersionGroup section */
		20B3E71D2C478B1A00E4C751 /* EntitiesContextRelationships.xcdatamodeld */ = {
			isa = XCVersionGroup;
			children = (
				20B3E71E2C478B1A00E4C751 /* EntitiesContextRelationships.xcdatamodel */,
			);
			currentVersion = 20B3E71E2C478B1A00E4C751 /* EntitiesContextRelationships.xcdatamodel */;
			path = EntitiesContextRelationships.xcdatamodeld;
			sourceTree = "<group>";
			versionGroupType = wrapper.xcdatamodel;
		};
/* End XCVersionGroup section */
	};
	rootObject = 20B3E7072C478B1900E4C751 /* Project object */;
}
