// !$*UTF8*$!
{
	archiveVersion = 1;
	classes = {
	};
	objectVersion = 56;
	objects = {

/* Begin PBXBuildFile section */
		200C27D22C2EEE2D0073EE06 /* ImplementUnitTestingApp.swift in Sources */ = {isa = PBXBuildFile; fileRef = 200C27D12C2EEE2D0073EE06 /* ImplementUnitTestingApp.swift */; };
		200C27D42C2EEE2D0073EE06 /* ContentView.swift in Sources */ = {isa = PBXBuildFile; fileRef = 200C27D32C2EEE2D0073EE06 /* ContentView.swift */; };
		200C27D62C2EEE2E0073EE06 /* Assets.xcassets in Resources */ = {isa = PBXBuildFile; fileRef = 200C27D52C2EEE2E0073EE06 /* Assets.xcassets */; };
		200C27D92C2EEE2E0073EE06 /* Preview Assets.xcassets in Resources */ = {isa = PBXBuildFile; fileRef = 200C27D82C2EEE2E0073EE06 /* Preview Assets.xcassets */; };
		200C27E02C2EEE570073EE06 /* Checkout.swift in Sources */ = {isa = PBXBuildFile; fileRef = 200C27DF2C2EEE560073EE06 /* Checkout.swift */; };
		200C27E82C2EEEE30073EE06 /* ImplementUnitTestingTests.swift in Sources */ = {isa = PBXBuildFile; fileRef = 200C27E72C2EEEE30073EE06 /* ImplementUnitTestingTests.swift */; };
/* End PBXBuildFile section */

/* Begin PBXContainerItemProxy section */
		200C27E92C2EEEE30073EE06 /* PBXContainerItemProxy */ = {
			isa = PBXContainerItemProxy;
			containerPortal = 200C27C62C2EEE2D0073EE06 /* Project object */;
			proxyType = 1;
			remoteGlobalIDString = 200C27CD2C2EEE2D0073EE06;
			remoteInfo = ImplementUnitTesting;
		};
/* End PBXContainerItemProxy section */

/* Begin PBXFileReference section */
		200C27CE2C2EEE2D0073EE06 /* ImplementUnitTesting.app */ = {isa = PBXFileReference; explicitFileType = wrapper.application; includeInIndex = 0; path = ImplementUnitTesting.app; sourceTree = BUILT_PRODUCTS_DIR; };
		200C27D12C2EEE2D0073EE06 /* ImplementUnitTestingApp.swift */ = {isa = PBXFileReference; lastKnownFileType = sourcecode.swift; path = ImplementUnitTestingApp.swift; sourceTree = "<group>"; };
		200C27D32C2EEE2D0073EE06 /* ContentView.swift */ = {isa = PBXFileReference; lastKnownFileType = sourcecode.swift; path = ContentView.swift; sourceTree = "<group>"; };
		200C27D52C2EEE2E0073EE06 /* Assets.xcassets */ = {isa = PBXFileReference; lastKnownFileType = folder.assetcatalog; path = Assets.xcassets; sourceTree = "<group>"; };
		200C27D82C2EEE2E0073EE06 /* Preview Assets.xcassets */ = {isa = PBXFileReference; lastKnownFileType = folder.assetcatalog; path = "Preview Assets.xcassets"; sourceTree = "<group>"; };
		200C27DF2C2EEE560073EE06 /* Checkout.swift */ = {isa = PBXFileReference; lastKnownFileType = sourcecode.swift; path = Checkout.swift; sourceTree = "<group>"; };
		200C27E52C2EEEE30073EE06 /* ImplementUnitTestingTests.xctest */ = {isa = PBXFileReference; explicitFileType = wrapper.cfbundle; includeInIndex = 0; path = ImplementUnitTestingTests.xctest; sourceTree = BUILT_PRODUCTS_DIR; };
		200C27E72C2EEEE30073EE06 /* ImplementUnitTestingTests.swift */ = {isa = PBXFileReference; lastKnownFileType = sourcecode.swift; path = ImplementUnitTestingTests.swift; sourceTree = "<group>"; };
/* End PBXFileReference section */

/* Begin PBXFrameworksBuildPhase section */
		200C27CB2C2EEE2D0073EE06 /* Frameworks */ = {
			isa = PBXFrameworksBuildPhase;
			buildActionMask = 2147483647;
			files = (
			);
			runOnlyForDeploymentPostprocessing = 0;
		};
		200C27E22C2EEEE30073EE06 /* Frameworks */ = {
			isa = PBXFrameworksBuildPhase;
			buildActionMask = 2147483647;
			files = (
			);
			runOnlyForDeploymentPostprocessing = 0;
		};
/* End PBXFrameworksBuildPhase section */

/* Begin PBXGroup section */
		200C27C52C2EEE2D0073EE06 = {
			isa = PBXGroup;
			children = (
				200C27D02C2EEE2D0073EE06 /* ImplementUnitTesting */,
				200C27E62C2EEEE30073EE06 /* ImplementUnitTestingTests */,
				200C27CF2C2EEE2D0073EE06 /* Products */,
			);
			sourceTree = "<group>";
		};
		200C27CF2C2EEE2D0073EE06 /* Products */ = {
			isa = PBXGroup;
			children = (
				200C27CE2C2EEE2D0073EE06 /* ImplementUnitTesting.app */,
				200C27E52C2EEEE30073EE06 /* ImplementUnitTestingTests.xctest */,
			);
			name = Products;
			sourceTree = "<group>";
		};
		200C27D02C2EEE2D0073EE06 /* ImplementUnitTesting */ = {
			isa = PBXGroup;
			children = (
				200C27D12C2EEE2D0073EE06 /* ImplementUnitTestingApp.swift */,
				200C27D32C2EEE2D0073EE06 /* ContentView.swift */,
				200C27DF2C2EEE560073EE06 /* Checkout.swift */,
				200C27D52C2EEE2E0073EE06 /* Assets.xcassets */,
				200C27D72C2EEE2E0073EE06 /* Preview Content */,
			);
			path = ImplementUnitTesting;
			sourceTree = "<group>";
		};
		200C27D72C2EEE2E0073EE06 /* Preview Content */ = {
			isa = PBXGroup;
			children = (
				200C27D82C2EEE2E0073EE06 /* Preview Assets.xcassets */,
			);
			path = "Preview Content";
			sourceTree = "<group>";
		};
		200C27E62C2EEEE30073EE06 /* ImplementUnitTestingTests */ = {
			isa = PBXGroup;
			children = (
				200C27E72C2EEEE30073EE06 /* ImplementUnitTestingTests.swift */,
			);
			path = ImplementUnitTestingTests;
			sourceTree = "<group>";
		};
/* End PBXGroup section */

/* Begin PBXNativeTarget section */
		200C27CD2C2EEE2D0073EE06 /* ImplementUnitTesting */ = {
			isa = PBXNativeTarget;
			buildConfigurationList = 200C27DC2C2EEE2E0073EE06 /* Build configuration list for PBXNativeTarget "ImplementUnitTesting" */;
			buildPhases = (
				200C27CA2C2EEE2D0073EE06 /* Sources */,
				200C27CB2C2EEE2D0073EE06 /* Frameworks */,
				200C27CC2C2EEE2D0073EE06 /* Resources */,
			);
			buildRules = (
			);
			dependencies = (
			);
			name = ImplementUnitTesting;
			productName = ImplementUnitTesting;
			productReference = 200C27CE2C2EEE2D0073EE06 /* ImplementUnitTesting.app */;
			productType = "com.apple.product-type.application";
		};
		200C27E42C2EEEE30073EE06 /* ImplementUnitTestingTests */ = {
			isa = PBXNativeTarget;
			buildConfigurationList = 200C27EB2C2EEEE30073EE06 /* Build configuration list for PBXNativeTarget "ImplementUnitTestingTests" */;
			buildPhases = (
				200C27E12C2EEEE30073EE06 /* Sources */,
				200C27E22C2EEEE30073EE06 /* Frameworks */,
				200C27E32C2EEEE30073EE06 /* Resources */,
			);
			buildRules = (
			);
			dependencies = (
				200C27EA2C2EEEE30073EE06 /* PBXTargetDependency */,
			);
			name = ImplementUnitTestingTests;
			productName = ImplementUnitTestingTests;
			productReference = 200C27E52C2EEEE30073EE06 /* ImplementUnitTestingTests.xctest */;
			productType = "com.apple.product-type.bundle.unit-test";
		};
/* End PBXNativeTarget section */

/* Begin PBXProject section */
		200C27C62C2EEE2D0073EE06 /* Project object */ = {
			isa = PBXProject;
			attributes = {
				BuildIndependentTargetsInParallel = 1;
				LastSwiftUpdateCheck = 1510;
				LastUpgradeCheck = 1510;
				TargetAttributes = {
					200C27CD2C2EEE2D0073EE06 = {
						CreatedOnToolsVersion = 15.1;
					};
					200C27E42C2EEEE30073EE06 = {
						CreatedOnToolsVersion = 15.1;
						TestTargetID = 200C27CD2C2EEE2D0073EE06;
					};
				};
			};
			buildConfigurationList = 200C27C92C2EEE2D0073EE06 /* Build configuration list for PBXProject "ImplementUnitTesting" */;
			compatibilityVersion = "Xcode 14.0";
			developmentRegion = en;
			hasScannedForEncodings = 0;
			knownRegions = (
				en,
				Base,
			);
			mainGroup = 200C27C52C2EEE2D0073EE06;
			productRefGroup = 200C27CF2C2EEE2D0073EE06 /* Products */;
			projectDirPath = "";
			projectRoot = "";
			targets = (
				200C27CD2C2EEE2D0073EE06 /* ImplementUnitTesting */,
				200C27E42C2EEEE30073EE06 /* ImplementUnitTestingTests */,
			);
		};
/* End PBXProject section */

/* Begin PBXResourcesBuildPhase section */
		200C27CC2C2EEE2D0073EE06 /* Resources */ = {
			isa = PBXResourcesBuildPhase;
			buildActionMask = 2147483647;
			files = (
				200C27D92C2EEE2E0073EE06 /* Preview Assets.xcassets in Resources */,
				200C27D62C2EEE2E0073EE06 /* Assets.xcassets in Resources */,
			);
			runOnlyForDeploymentPostprocessing = 0;
		};
		200C27E32C2EEEE30073EE06 /* Resources */ = {
			isa = PBXResourcesBuildPhase;
			buildActionMask = 2147483647;
			files = (
			);
			runOnlyForDeploymentPostprocessing = 0;
		};
/* End PBXResourcesBuildPhase section */

/* Begin PBXSourcesBuildPhase section */
		200C27CA2C2EEE2D0073EE06 /* Sources */ = {
			isa = PBXSourcesBuildPhase;
			buildActionMask = 2147483647;
			files = (
				200C27E02C2EEE570073EE06 /* Checkout.swift in Sources */,
				200C27D42C2EEE2D0073EE06 /* ContentView.swift in Sources */,
				200C27D22C2EEE2D0073EE06 /* ImplementUnitTestingApp.swift in Sources */,
			);
			runOnlyForDeploymentPostprocessing = 0;
		};
		200C27E12C2EEEE30073EE06 /* Sources */ = {
			isa = PBXSourcesBuildPhase;
			buildActionMask = 2147483647;
			files = (
				200C27E82C2EEEE30073EE06 /* ImplementUnitTestingTests.swift in Sources */,
			);
			runOnlyForDeploymentPostprocessing = 0;
		};
/* End PBXSourcesBuildPhase section */

/* Begin PBXTargetDependency section */
		200C27EA2C2EEEE30073EE06 /* PBXTargetDependency */ = {
			isa = PBXTargetDependency;
			target = 200C27CD2C2EEE2D0073EE06 /* ImplementUnitTesting */;
			targetProxy = 200C27E92C2EEEE30073EE06 /* PBXContainerItemProxy */;
		};
/* End PBXTargetDependency section */

/* Begin XCBuildConfiguration section */
		200C27DA2C2EEE2E0073EE06 /* Debug */ = {
			isa = XCBuildConfiguration;
			buildSettings = {
				ALWAYS_SEARCH_USER_PATHS = NO;
				ASSETCATALOG_COMPILER_GENERATE_SWIFT_ASSET_SYMBOL_EXTENSIONS = YES;
				CLANG_ANALYZER_NONNULL = YES;
				CLANG_ANALYZER_NUMBER_OBJECT_CONVERSION = YES_AGGRESSIVE;
				CLANG_CXX_LANGUAGE_STANDARD = "gnu++20";
				CLANG_ENABLE_MODULES = YES;
				CLANG_ENABLE_OBJC_ARC = YES;
				CLANG_ENABLE_OBJC_WEAK = YES;
				CLANG_WARN_BLOCK_CAPTURE_AUTORELEASING = YES;
				CLANG_WARN_BOOL_CONVERSION = YES;
				CLANG_WARN_COMMA = YES;
				CLANG_WARN_CONSTANT_CONVERSION = YES;
				CLANG_WARN_DEPRECATED_OBJC_IMPLEMENTATIONS = YES;
				CLANG_WARN_DIRECT_OBJC_ISA_USAGE = YES_ERROR;
				CLANG_WARN_DOCUMENTATION_COMMENTS = YES;
				CLANG_WARN_EMPTY_BODY = YES;
				CLANG_WARN_ENUM_CONVERSION = YES;
				CLANG_WARN_INFINITE_RECURSION = YES;
				CLANG_WARN_INT_CONVERSION = YES;
				CLANG_WARN_NON_LITERAL_NULL_CONVERSION = YES;
				CLANG_WARN_OBJC_IMPLICIT_RETAIN_SELF = YES;
				CLANG_WARN_OBJC_LITERAL_CONVERSION = YES;
				CLANG_WARN_OBJC_ROOT_CLASS = YES_ERROR;
				CLANG_WARN_QUOTED_INCLUDE_IN_FRAMEWORK_HEADER = YES;
				CLANG_WARN_RANGE_LOOP_ANALYSIS = YES;
				CLANG_WARN_STRICT_PROTOTYPES = YES;
				CLANG_WARN_SUSPICIOUS_MOVE = YES;
				CLANG_WARN_UNGUARDED_AVAILABILITY = YES_AGGRESSIVE;
				CLANG_WARN_UNREACHABLE_CODE = YES;
				CLANG_WARN__DUPLICATE_METHOD_MATCH = YES;
				COPY_PHASE_STRIP = NO;
				DEBUG_INFORMATION_FORMAT = dwarf;
				ENABLE_STRICT_OBJC_MSGSEND = YES;
				ENABLE_TESTABILITY = YES;
				ENABLE_USER_SCRIPT_SANDBOXING = YES;
				GCC_C_LANGUAGE_STANDARD = gnu17;
				GCC_DYNAMIC_NO_PIC = NO;
				GCC_NO_COMMON_BLOCKS = YES;
				GCC_OPTIMIZATION_LEVEL = 0;
				GCC_PREPROCESSOR_DEFINITIONS = (
					"DEBUG=1",
					"$(inherited)",
				);
				GCC_WARN_64_TO_32_BIT_CONVERSION = YES;
				GCC_WARN_ABOUT_RETURN_TYPE = YES_ERROR;
				GCC_WARN_UNDECLARED_SELECTOR = YES;
				GCC_WARN_UNINITIALIZED_AUTOS = YES_AGGRESSIVE;
				GCC_WARN_UNUSED_FUNCTION = YES;
				GCC_WARN_UNUSED_VARIABLE = YES;
				IPHONEOS_DEPLOYMENT_TARGET = 17.2;
				LOCALIZATION_PREFERS_STRING_CATALOGS = YES;
				MTL_ENABLE_DEBUG_INFO = INCLUDE_SOURCE;
				MTL_FAST_MATH = YES;
				ONLY_ACTIVE_ARCH = YES;
				SDKROOT = iphoneos;
				SWIFT_ACTIVE_COMPILATION_CONDITIONS = "DEBUG $(inherited)";
				SWIFT_OPTIMIZATION_LEVEL = "-Onone";
			};
			name = Debug;
		};
		200C27DB2C2EEE2E0073EE06 /* Release */ = {
			isa = XCBuildConfiguration;
			buildSettings = {
				ALWAYS_SEARCH_USER_PATHS = NO;
				ASSETCATALOG_COMPILER_GENERATE_SWIFT_ASSET_SYMBOL_EXTENSIONS = YES;
				CLANG_ANALYZER_NONNULL = YES;
				CLANG_ANALYZER_NUMBER_OBJECT_CONVERSION = YES_AGGRESSIVE;
				CLANG_CXX_LANGUAGE_STANDARD = "gnu++20";
				CLANG_ENABLE_MODULES = YES;
				CLANG_ENABLE_OBJC_ARC = YES;
				CLANG_ENABLE_OBJC_WEAK = YES;
				CLANG_WARN_BLOCK_CAPTURE_AUTORELEASING = YES;
				CLANG_WARN_BOOL_CONVERSION = YES;
				CLANG_WARN_COMMA = YES;
				CLANG_WARN_CONSTANT_CONVERSION = YES;
				CLANG_WARN_DEPRECATED_OBJC_IMPLEMENTATIONS = YES;
				CLANG_WARN_DIRECT_OBJC_ISA_USAGE = YES_ERROR;
				CLANG_WARN_DOCUMENTATION_COMMENTS = YES;
				CLANG_WARN_EMPTY_BODY = YES;
				CLANG_WARN_ENUM_CONVERSION = YES;
				CLANG_WARN_INFINITE_RECURSION = YES;
				CLANG_WARN_INT_CONVERSION = YES;
				CLANG_WARN_NON_LITERAL_NULL_CONVERSION = YES;
				CLANG_WARN_OBJC_IMPLICIT_RETAIN_SELF = YES;
				CLANG_WARN_OBJC_LITERAL_CONVERSION = YES;
				CLANG_WARN_OBJC_ROOT_CLASS = YES_ERROR;
				CLANG_WARN_QUOTED_INCLUDE_IN_FRAMEWORK_HEADER = YES;
				CLANG_WARN_RANGE_LOOP_ANALYSIS = YES;
				CLANG_WARN_STRICT_PROTOTYPES = YES;
				CLANG_WARN_SUSPICIOUS_MOVE = YES;
				CLANG_WARN_UNGUARDED_AVAILABILITY = YES_AGGRESSIVE;
				CLANG_WARN_UNREACHABLE_CODE = YES;
				CLANG_WARN__DUPLICATE_METHOD_MATCH = YES;
				COPY_PHASE_STRIP = NO;
				DEBUG_INFORMATION_FORMAT = "dwarf-with-dsym";
				ENABLE_NS_ASSERTIONS = NO;
				ENABLE_STRICT_OBJC_MSGSEND = YES;
				ENABLE_USER_SCRIPT_SANDBOXING = YES;
				GCC_C_LANGUAGE_STANDARD = gnu17;
				GCC_NO_COMMON_BLOCKS = YES;
				GCC_WARN_64_TO_32_BIT_CONVERSION = YES;
				GCC_WARN_ABOUT_RETURN_TYPE = YES_ERROR;
				GCC_WARN_UNDECLARED_SELECTOR = YES;
				GCC_WARN_UNINITIALIZED_AUTOS = YES_AGGRESSIVE;
				GCC_WARN_UNUSED_FUNCTION = YES;
				GCC_WARN_UNUSED_VARIABLE = YES;
				IPHONEOS_DEPLOYMENT_TARGET = 17.2;
				LOCALIZATION_PREFERS_STRING_CATALOGS = YES;
				MTL_ENABLE_DEBUG_INFO = NO;
				MTL_FAST_MATH = YES;
				SDKROOT = iphoneos;
				SWIFT_COMPILATION_MODE = wholemodule;
				VALIDATE_PRODUCT = YES;
			};
			name = Release;
		};
		200C27DD2C2EEE2E0073EE06 /* Debug */ = {
			isa = XCBuildConfiguration;
			buildSettings = {
				ASSETCATALOG_COMPILER_APPICON_NAME = AppIcon;
				ASSETCATALOG_COMPILER_GLOBAL_ACCENT_COLOR_NAME = AccentColor;
				CODE_SIGN_STYLE = Automatic;
				CURRENT_PROJECT_VERSION = 1;
				DEVELOPMENT_ASSET_PATHS = "\"ImplementUnitTesting/Preview Content\"";
				DEVELOPMENT_TEAM = 5UV6NG6NND;
				ENABLE_PREVIEWS = YES;
				GENERATE_INFOPLIST_FILE = YES;
				INFOPLIST_KEY_UIApplicationSceneManifest_Generation = YES;
				INFOPLIST_KEY_UIApplicationSupportsIndirectInputEvents = YES;
				INFOPLIST_KEY_UILaunchScreen_Generation = YES;
				INFOPLIST_KEY_UISupportedInterfaceOrientations_iPad = "UIInterfaceOrientationPortrait UIInterfaceOrientationPortraitUpsideDown UIInterfaceOrientationLandscapeLeft UIInterfaceOrientationLandscapeRight";
				INFOPLIST_KEY_UISupportedInterfaceOrientations_iPhone = "UIInterfaceOrientationPortrait UIInterfaceOrientationLandscapeLeft UIInterfaceOrientationLandscapeRight";
				LD_RUNPATH_SEARCH_PATHS = (
					"$(inherited)",
					"@executable_path/Frameworks",
				);
				MARKETING_VERSION = 1.0;
				PRODUCT_BUNDLE_IDENTIFIER = itzKv.ImplementUnitTesting;
				PRODUCT_NAME = "$(TARGET_NAME)";
				SWIFT_EMIT_LOC_STRINGS = YES;
				SWIFT_VERSION = 5.0;
				TARGETED_DEVICE_FAMILY = "1,2";
			};
			name = Debug;
		};
		200C27DE2C2EEE2E0073EE06 /* Release */ = {
			isa = XCBuildConfiguration;
			buildSettings = {
				ASSETCATALOG_COMPILER_APPICON_NAME = AppIcon;
				ASSETCATALOG_COMPILER_GLOBAL_ACCENT_COLOR_NAME = AccentColor;
				CODE_SIGN_STYLE = Automatic;
				CURRENT_PROJECT_VERSION = 1;
				DEVELOPMENT_ASSET_PATHS = "\"ImplementUnitTesting/Preview Content\"";
				DEVELOPMENT_TEAM = 5UV6NG6NND;
				ENABLE_PREVIEWS = YES;
				GENERATE_INFOPLIST_FILE = YES;
				INFOPLIST_KEY_UIApplicationSceneManifest_Generation = YES;
				INFOPLIST_KEY_UIApplicationSupportsIndirectInputEvents = YES;
				INFOPLIST_KEY_UILaunchScreen_Generation = YES;
				INFOPLIST_KEY_UISupportedInterfaceOrientations_iPad = "UIInterfaceOrientationPortrait UIInterfaceOrientationPortraitUpsideDown UIInterfaceOrientationLandscapeLeft UIInterfaceOrientationLandscapeRight";
				INFOPLIST_KEY_UISupportedInterfaceOrientations_iPhone = "UIInterfaceOrientationPortrait UIInterfaceOrientationLandscapeLeft UIInterfaceOrientationLandscapeRight";
				LD_RUNPATH_SEARCH_PATHS = (
					"$(inherited)",
					"@executable_path/Frameworks",
				);
				MARKETING_VERSION = 1.0;
				PRODUCT_BUNDLE_IDENTIFIER = itzKv.ImplementUnitTesting;
				PRODUCT_NAME = "$(TARGET_NAME)";
				SWIFT_EMIT_LOC_STRINGS = YES;
				SWIFT_VERSION = 5.0;
				TARGETED_DEVICE_FAMILY = "1,2";
			};
			name = Release;
		};
		200C27EC2C2EEEE30073EE06 /* Debug */ = {
			isa = XCBuildConfiguration;
			buildSettings = {
				BUNDLE_LOADER = "$(TEST_HOST)";
				CODE_SIGN_STYLE = Automatic;
				CURRENT_PROJECT_VERSION = 1;
				DEVELOPMENT_TEAM = 5UV6NG6NND;
				GENERATE_INFOPLIST_FILE = YES;
				MARKETING_VERSION = 1.0;
				PRODUCT_BUNDLE_IDENTIFIER = itzKv.ImplementUnitTestingTests;
				PRODUCT_NAME = "$(TARGET_NAME)";
				SWIFT_EMIT_LOC_STRINGS = NO;
				SWIFT_VERSION = 5.0;
				TARGETED_DEVICE_FAMILY = "1,2";
				TEST_HOST = "$(BUILT_PRODUCTS_DIR)/ImplementUnitTesting.app/$(BUNDLE_EXECUTABLE_FOLDER_PATH)/ImplementUnitTesting";
			};
			name = Debug;
		};
		200C27ED2C2EEEE30073EE06 /* Release */ = {
			isa = XCBuildConfiguration;
			buildSettings = {
				BUNDLE_LOADER = "$(TEST_HOST)";
				CODE_SIGN_STYLE = Automatic;
				CURRENT_PROJECT_VERSION = 1;
				DEVELOPMENT_TEAM = 5UV6NG6NND;
				GENERATE_INFOPLIST_FILE = YES;
				MARKETING_VERSION = 1.0;
				PRODUCT_BUNDLE_IDENTIFIER = itzKv.ImplementUnitTestingTests;
				PRODUCT_NAME = "$(TARGET_NAME)";
				SWIFT_EMIT_LOC_STRINGS = NO;
				SWIFT_VERSION = 5.0;
				TARGETED_DEVICE_FAMILY = "1,2";
				TEST_HOST = "$(BUILT_PRODUCTS_DIR)/ImplementUnitTesting.app/$(BUNDLE_EXECUTABLE_FOLDER_PATH)/ImplementUnitTesting";
			};
			name = Release;
		};
/* End XCBuildConfiguration section */

/* Begin XCConfigurationList section */
		200C27C92C2EEE2D0073EE06 /* Build configuration list for PBXProject "ImplementUnitTesting" */ = {
			isa = XCConfigurationList;
			buildConfigurations = (
				200C27DA2C2EEE2E0073EE06 /* Debug */,
				200C27DB2C2EEE2E0073EE06 /* Release */,
			);
			defaultConfigurationIsVisible = 0;
			defaultConfigurationName = Release;
		};
		200C27DC2C2EEE2E0073EE06 /* Build configuration list for PBXNativeTarget "ImplementUnitTesting" */ = {
			isa = XCConfigurationList;
			buildConfigurations = (
				200C27DD2C2EEE2E0073EE06 /* Debug */,
				200C27DE2C2EEE2E0073EE06 /* Release */,
			);
			defaultConfigurationIsVisible = 0;
			defaultConfigurationName = Release;
		};
		200C27EB2C2EEEE30073EE06 /* Build configuration list for PBXNativeTarget "ImplementUnitTestingTests" */ = {
			isa = XCConfigurationList;
			buildConfigurations = (
				200C27EC2C2EEEE30073EE06 /* Debug */,
				200C27ED2C2EEEE30073EE06 /* Release */,
			);
			defaultConfigurationIsVisible = 0;
			defaultConfigurationName = Release;
		};
/* End XCConfigurationList section */
	};
	rootObject = 200C27C62C2EEE2D0073EE06 /* Project object */;
}
